// !$*UTF8*$!
{
	archiveVersion = 1;
	classes = {
	};
	objectVersion = 46;
	objects = {

/* Begin PBXBuildFile section */
		E220C92E1B69F30300E3D066 /* DSSanmakuAttribute.swift in Sources */ = {isa = PBXBuildFile; fileRef = E220C92D1B69F30300E3D066 /* DSSanmakuAttribute.swift */; };
		E26D46611B56660F0040B678 /* AppDelegate.swift in Sources */ = {isa = PBXBuildFile; fileRef = E26D46601B56660F0040B678 /* AppDelegate.swift */; };
		E26D46631B56660F0040B678 /* ViewController.swift in Sources */ = {isa = PBXBuildFile; fileRef = E26D46621B56660F0040B678 /* ViewController.swift */; };
		E26D46661B56660F0040B678 /* Main.storyboard in Resources */ = {isa = PBXBuildFile; fileRef = E26D46641B56660F0040B678 /* Main.storyboard */; };
		E26D46681B56660F0040B678 /* Images.xcassets in Resources */ = {isa = PBXBuildFile; fileRef = E26D46671B56660F0040B678 /* Images.xcassets */; };
		E26D466B1B56660F0040B678 /* LaunchScreen.xib in Resources */ = {isa = PBXBuildFile; fileRef = E26D46691B56660F0040B678 /* LaunchScreen.xib */; };
		E26D46771B56660F0040B678 /* DSDanmakuPlayerTests.swift in Sources */ = {isa = PBXBuildFile; fileRef = E26D46761B56660F0040B678 /* DSDanmakuPlayerTests.swift */; };
		E26D46A11B5CB5B90040B678 /* DSDanmakuDefines.swift in Sources */ = {isa = PBXBuildFile; fileRef = E26D469E1B5CB5B90040B678 /* DSDanmakuDefines.swift */; };
		E26D46A21B5CB5B90040B678 /* DSDanmakuLabel.swift in Sources */ = {isa = PBXBuildFile; fileRef = E26D469F1B5CB5B90040B678 /* DSDanmakuLabel.swift */; };
		E26D46A31B5CB5B90040B678 /* DSDanmakuView.swift in Sources */ = {isa = PBXBuildFile; fileRef = E26D46A01B5CB5B90040B678 /* DSDanmakuView.swift */; };
/* End PBXBuildFile section */

/* Begin PBXContainerItemProxy section */
		E26D46711B56660F0040B678 /* PBXContainerItemProxy */ = {
			isa = PBXContainerItemProxy;
			containerPortal = E26D46531B56660F0040B678 /* Project object */;
			proxyType = 1;
			remoteGlobalIDString = E26D465A1B56660F0040B678;
			remoteInfo = DSDanmakuPlayer;
		};
/* End PBXContainerItemProxy section */

/* Begin PBXFileReference section */
		E220C92D1B69F30300E3D066 /* DSSanmakuAttribute.swift */ = {isa = PBXFileReference; fileEncoding = 4; lastKnownFileType = sourcecode.swift; path = DSSanmakuAttribute.swift; sourceTree = "<group>"; };
		E26D465B1B56660F0040B678 /* DSDanmakuPlayer.app */ = {isa = PBXFileReference; explicitFileType = wrapper.application; includeInIndex = 0; path = DSDanmakuPlayer.app; sourceTree = BUILT_PRODUCTS_DIR; };
		E26D465F1B56660F0040B678 /* Info.plist */ = {isa = PBXFileReference; lastKnownFileType = text.plist.xml; path = Info.plist; sourceTree = "<group>"; };
		E26D46601B56660F0040B678 /* AppDelegate.swift */ = {isa = PBXFileReference; lastKnownFileType = sourcecode.swift; path = AppDelegate.swift; sourceTree = "<group>"; };
		E26D46621B56660F0040B678 /* ViewController.swift */ = {isa = PBXFileReference; lastKnownFileType = sourcecode.swift; path = ViewController.swift; sourceTree = "<group>"; };
		E26D46651B56660F0040B678 /* Base */ = {isa = PBXFileReference; lastKnownFileType = file.storyboard; name = Base; path = Base.lproj/Main.storyboard; sourceTree = "<group>"; };
		E26D46671B56660F0040B678 /* Images.xcassets */ = {isa = PBXFileReference; lastKnownFileType = folder.assetcatalog; path = Images.xcassets; sourceTree = "<group>"; };
		E26D466A1B56660F0040B678 /* Base */ = {isa = PBXFileReference; lastKnownFileType = file.xib; name = Base; path = Base.lproj/LaunchScreen.xib; sourceTree = "<group>"; };
		E26D46701B56660F0040B678 /* DSDanmakuPlayerTests.xctest */ = {isa = PBXFileReference; explicitFileType = wrapper.cfbundle; includeInIndex = 0; path = DSDanmakuPlayerTests.xctest; sourceTree = BUILT_PRODUCTS_DIR; };
		E26D46751B56660F0040B678 /* Info.plist */ = {isa = PBXFileReference; lastKnownFileType = text.plist.xml; path = Info.plist; sourceTree = "<group>"; };
		E26D46761B56660F0040B678 /* DSDanmakuPlayerTests.swift */ = {isa = PBXFileReference; lastKnownFileType = sourcecode.swift; path = DSDanmakuPlayerTests.swift; sourceTree = "<group>"; };
		E26D469E1B5CB5B90040B678 /* DSDanmakuDefines.swift */ = {isa = PBXFileReference; fileEncoding = 4; lastKnownFileType = sourcecode.swift; path = DSDanmakuDefines.swift; sourceTree = "<group>"; };
		E26D469F1B5CB5B90040B678 /* DSDanmakuLabel.swift */ = {isa = PBXFileReference; fileEncoding = 4; lastKnownFileType = sourcecode.swift; path = DSDanmakuLabel.swift; sourceTree = "<group>"; };
		E26D46A01B5CB5B90040B678 /* DSDanmakuView.swift */ = {isa = PBXFileReference; fileEncoding = 4; lastKnownFileType = sourcecode.swift; path = DSDanmakuView.swift; sourceTree = "<group>"; };
/* End PBXFileReference section */

/* Begin PBXFrameworksBuildPhase section */
		E26D46581B56660F0040B678 /* Frameworks */ = {
			isa = PBXFrameworksBuildPhase;
			buildActionMask = 2147483647;
			files = (
			);
			runOnlyForDeploymentPostprocessing = 0;
		};
		E26D466D1B56660F0040B678 /* Frameworks */ = {
			isa = PBXFrameworksBuildPhase;
			buildActionMask = 2147483647;
			files = (
			);
			runOnlyForDeploymentPostprocessing = 0;
		};
/* End PBXFrameworksBuildPhase section */

/* Begin PBXGroup section */
		E26D46521B56660F0040B678 = {
			isa = PBXGroup;
			children = (
				E26D465D1B56660F0040B678 /* DSDanmakuPlayer */,
				E26D46731B56660F0040B678 /* DSDanmakuPlayerTests */,
				E26D465C1B56660F0040B678 /* Products */,
			);
			sourceTree = "<group>";
		};
		E26D465C1B56660F0040B678 /* Products */ = {
			isa = PBXGroup;
			children = (
				E26D465B1B56660F0040B678 /* DSDanmakuPlayer.app */,
				E26D46701B56660F0040B678 /* DSDanmakuPlayerTests.xctest */,
			);
			name = Products;
			sourceTree = "<group>";
		};
		E26D465D1B56660F0040B678 /* DSDanmakuPlayer */ = {
			isa = PBXGroup;
			children = (
				E26D469D1B5CB5B90040B678 /* DSDanmakuPlayer */,
				E26D46601B56660F0040B678 /* AppDelegate.swift */,
				E26D46621B56660F0040B678 /* ViewController.swift */,
				E26D46641B56660F0040B678 /* Main.storyboard */,
				E26D46671B56660F0040B678 /* Images.xcassets */,
				E26D46691B56660F0040B678 /* LaunchScreen.xib */,
				E26D465E1B56660F0040B678 /* Supporting Files */,
			);
			path = DSDanmakuPlayer;
			sourceTree = "<group>";
		};
		E26D465E1B56660F0040B678 /* Supporting Files */ = {
			isa = PBXGroup;
			children = (
				E26D465F1B56660F0040B678 /* Info.plist */,
			);
			name = "Supporting Files";
			sourceTree = "<group>";
		};
		E26D46731B56660F0040B678 /* DSDanmakuPlayerTests */ = {
			isa = PBXGroup;
			children = (
				E26D46761B56660F0040B678 /* DSDanmakuPlayerTests.swift */,
				E26D46741B56660F0040B678 /* Supporting Files */,
			);
			path = DSDanmakuPlayerTests;
			sourceTree = "<group>";
		};
		E26D46741B56660F0040B678 /* Supporting Files */ = {
			isa = PBXGroup;
			children = (
				E26D46751B56660F0040B678 /* Info.plist */,
			);
			name = "Supporting Files";
			sourceTree = "<group>";
		};
		E26D469D1B5CB5B90040B678 /* DSDanmakuPlayer */ = {
			isa = PBXGroup;
			children = (
				E26D469E1B5CB5B90040B678 /* DSDanmakuDefines.swift */,
				E26D469F1B5CB5B90040B678 /* DSDanmakuLabel.swift */,
				E26D46A01B5CB5B90040B678 /* DSDanmakuView.swift */,
				E220C92D1B69F30300E3D066 /* DSSanmakuAttribute.swift */,
			);
			path = DSDanmakuPlayer;
			sourceTree = "<group>";
		};
/* End PBXGroup section */

/* Begin PBXNativeTarget section */
		E26D465A1B56660F0040B678 /* DSDanmakuPlayer */ = {
			isa = PBXNativeTarget;
			buildConfigurationList = E26D467A1B56660F0040B678 /* Build configuration list for PBXNativeTarget "DSDanmakuPlayer" */;
			buildPhases = (
				E26D46571B56660F0040B678 /* Sources */,
				E26D46581B56660F0040B678 /* Frameworks */,
				E26D46591B56660F0040B678 /* Resources */,
			);
			buildRules = (
			);
			dependencies = (
			);
			name = DSDanmakuPlayer;
			productName = DSDanmakuPlayer;
			productReference = E26D465B1B56660F0040B678 /* DSDanmakuPlayer.app */;
			productType = "com.apple.product-type.application";
		};
		E26D466F1B56660F0040B678 /* DSDanmakuPlayerTests */ = {
			isa = PBXNativeTarget;
			buildConfigurationList = E26D467D1B56660F0040B678 /* Build configuration list for PBXNativeTarget "DSDanmakuPlayerTests" */;
			buildPhases = (
				E26D466C1B56660F0040B678 /* Sources */,
				E26D466D1B56660F0040B678 /* Frameworks */,
				E26D466E1B56660F0040B678 /* Resources */,
			);
			buildRules = (
			);
			dependencies = (
				E26D46721B56660F0040B678 /* PBXTargetDependency */,
			);
			name = DSDanmakuPlayerTests;
			productName = DSDanmakuPlayerTests;
			productReference = E26D46701B56660F0040B678 /* DSDanmakuPlayerTests.xctest */;
			productType = "com.apple.product-type.bundle.unit-test";
		};
/* End PBXNativeTarget section */

/* Begin PBXProject section */
		E26D46531B56660F0040B678 /* Project object */ = {
			isa = PBXProject;
			attributes = {
				LastUpgradeCheck = 0640;
				ORGANIZATIONNAME = Daisy;
				TargetAttributes = {
					E26D465A1B56660F0040B678 = {
						CreatedOnToolsVersion = 6.4;
					};
					E26D466F1B56660F0040B678 = {
						CreatedOnToolsVersion = 6.4;
						TestTargetID = E26D465A1B56660F0040B678;
					};
				};
			};
			buildConfigurationList = E26D46561B56660F0040B678 /* Build configuration list for PBXProject "DSDanmakuPlayer" */;
			compatibilityVersion = "Xcode 3.2";
			developmentRegion = English;
			hasScannedForEncodings = 0;
			knownRegions = (
				en,
				Base,
			);
			mainGroup = E26D46521B56660F0040B678;
			productRefGroup = E26D465C1B56660F0040B678 /* Products */;
			projectDirPath = "";
			projectRoot = "";
			targets = (
				E26D465A1B56660F0040B678 /* DSDanmakuPlayer */,
				E26D466F1B56660F0040B678 /* DSDanmakuPlayerTests */,
			);
		};
/* End PBXProject section */

/* Begin PBXResourcesBuildPhase section */
		E26D46591B56660F0040B678 /* Resources */ = {
			isa = PBXResourcesBuildPhase;
			buildActionMask = 2147483647;
			files = (
				E26D46661B56660F0040B678 /* Main.storyboard in Resources */,
				E26D466B1B56660F0040B678 /* LaunchScreen.xib in Resources */,
				E26D46681B56660F0040B678 /* Images.xcassets in Resources */,
			);
			runOnlyForDeploymentPostprocessing = 0;
		};
		E26D466E1B56660F0040B678 /* Resources */ = {
			isa = PBXResourcesBuildPhase;
			buildActionMask = 2147483647;
			files = (
			);
			runOnlyForDeploymentPostprocessing = 0;
		};
/* End PBXResourcesBuildPhase section */

/* Begin PBXSourcesBuildPhase section */
		E26D46571B56660F0040B678 /* Sources */ = {
			isa = PBXSourcesBuildPhase;
			buildActionMask = 2147483647;
			files = (
				E220C92E1B69F30300E3D066 /* DSSanmakuAttribute.swift in Sources */,
				E26D46A31B5CB5B90040B678 /* DSDanmakuView.swift in Sources */,
				E26D46A11B5CB5B90040B678 /* DSDanmakuDefines.swift in Sources */,
				E26D46631B56660F0040B678 /* ViewController.swift in Sources */,
				E26D46611B56660F0040B678 /* AppDelegate.swift in Sources */,
				E26D46A21B5CB5B90040B678 /* DSDanmakuLabel.swift in Sources */,
			);
			runOnlyForDeploymentPostprocessing = 0;
		};
		E26D466C1B56660F0040B678 /* Sources */ = {
			isa = PBXSourcesBuildPhase;
			buildActionMask = 2147483647;
			files = (
				E26D46771B56660F0040B678 /* DSDanmakuPlayerTests.swift in Sources */,
			);
			runOnlyForDeploymentPostprocessing = 0;
		};
/* End PBXSourcesBuildPhase section */

/* Begin PBXTargetDependency section */
		E26D46721B56660F0040B678 /* PBXTargetDependency */ = {
			isa = PBXTargetDependency;
			target = E26D465A1B56660F0040B678 /* DSDanmakuPlayer */;
			targetProxy = E26D46711B56660F0040B678 /* PBXContainerItemProxy */;
		};
/* End PBXTargetDependency section */

/* Begin PBXVariantGroup section */
		E26D46641B56660F0040B678 /* Main.storyboard */ = {
			isa = PBXVariantGroup;
			children = (
				E26D46651B56660F0040B678 /* Base */,
			);
			name = Main.storyboard;
			sourceTree = "<group>";
		};
		E26D46691B56660F0040B678 /* LaunchScreen.xib */ = {
			isa = PBXVariantGroup;
			children = (
				E26D466A1B56660F0040B678 /* Base */,
			);
			name = LaunchScreen.xib;
			sourceTree = "<group>";
		};
/* End PBXVariantGroup section */

/* Begin XCBuildConfiguration section */
		E26D46781B56660F0040B678 /* Debug */ = {
			isa = XCBuildConfiguration;
			buildSettings = {
				ALWAYS_SEARCH_USER_PATHS = NO;
				CLANG_CXX_LANGUAGE_STANDARD = "gnu++0x";
				CLANG_CXX_LIBRARY = "libc++";
				CLANG_ENABLE_MODULES = YES;
				CLANG_ENABLE_OBJC_ARC = YES;
				CLANG_WARN_BOOL_CONVERSION = YES;
				CLANG_WARN_CONSTANT_CONVERSION = YES;
				CLANG_WARN_DIRECT_OBJC_ISA_USAGE = YES_ERROR;
				CLANG_WARN_EMPTY_BODY = YES;
				CLANG_WARN_ENUM_CONVERSION = YES;
				CLANG_WARN_INT_CONVERSION = YES;
				CLANG_WARN_OBJC_ROOT_CLASS = YES_ERROR;
				CLANG_WARN_UNREACHABLE_CODE = YES;
				CLANG_WARN__DUPLICATE_METHOD_MATCH = YES;
				"CODE_SIGN_IDENTITY[sdk=iphoneos*]" = "iPhone Developer";
				COPY_PHASE_STRIP = NO;
				DEBUG_INFORMATION_FORMAT = "dwarf-with-dsym";
				ENABLE_STRICT_OBJC_MSGSEND = YES;
				GCC_C_LANGUAGE_STANDARD = gnu99;
				GCC_DYNAMIC_NO_PIC = NO;
				GCC_NO_COMMON_BLOCKS = YES;
				GCC_OPTIMIZATION_LEVEL = 0;
				GCC_PREPROCESSOR_DEFINITIONS = (
					"DEBUG=1",
					"$(inherited)",
				);
				GCC_SYMBOLS_PRIVATE_EXTERN = NO;
				GCC_WARN_64_TO_32_BIT_CONVERSION = YES;
				GCC_WARN_ABOUT_RETURN_TYPE = YES_ERROR;
				GCC_WARN_UNDECLARED_SELECTOR = YES;
				GCC_WARN_UNINITIALIZED_AUTOS = YES_AGGRESSIVE;
				GCC_WARN_UNUSED_FUNCTION = YES;
				GCC_WARN_UNUSED_VARIABLE = YES;
				IPHONEOS_DEPLOYMENT_TARGET = 8.4;
				MTL_ENABLE_DEBUG_INFO = YES;
				ONLY_ACTIVE_ARCH = YES;
				SDKROOT = iphoneos;
				SWIFT_OPTIMIZATION_LEVEL = "-Onone";
			};
			name = Debug;
		};
		E26D46791B56660F0040B678 /* Release */ = {
			isa = XCBuildConfiguration;
			buildSettings = {
				ALWAYS_SEARCH_USER_PATHS = NO;
				CLANG_CXX_LANGUAGE_STANDARD = "gnu++0x";
				CLANG_CXX_LIBRARY = "libc++";
				CLANG_ENABLE_MODULES = YES;
				CLANG_ENABLE_OBJC_ARC = YES;
				CLANG_WARN_BOOL_CONVERSION = YES;
				CLANG_WARN_CONSTANT_CONVERSION = YES;
				CLANG_WARN_DIRECT_OBJC_ISA_USAGE = YES_ERROR;
				CLANG_WARN_EMPTY_BODY = YES;
				CLANG_WARN_ENUM_CONVERSION = YES;
				CLANG_WARN_INT_CONVERSION = YES;
				CLANG_WARN_OBJC_ROOT_CLASS = YES_ERROR;
				CLANG_WARN_UNREACHABLE_CODE = YES;
				CLANG_WARN__DUPLICATE_METHOD_MATCH = YES;
				"CODE_SIGN_IDENTITY[sdk=iphoneos*]" = "iPhone Developer";
				COPY_PHASE_STRIP = NO;
				DEBUG_INFORMATION_FORMAT = "dwarf-with-dsym";
				ENABLE_NS_ASSERTIONS = NO;
				ENABLE_STRICT_OBJC_MSGSEND = YES;
				GCC_C_LANGUAGE_STANDARD = gnu99;
				GCC_NO_COMMON_BLOCKS = YES;
				GCC_WARN_64_TO_32_BIT_CONVERSION = YES;
				GCC_WARN_ABOUT_RETURN_TYPE = YES_ERROR;
				GCC_WARN_UNDECLARED_SELECTOR = YES;
				GCC_WARN_UNINITIALIZED_AUTOS = YES_AGGRESSIVE;
				GCC_WARN_UNUSED_FUNCTION = YES;
				GCC_WARN_UNUSED_VARIABLE = YES;
				IPHONEOS_DEPLOYMENT_TARGET = 8.4;
				MTL_ENABLE_DEBUG_INFO = NO;
				SDKROOT = iphoneos;
				VALIDATE_PRODUCT = YES;
			};
			name = Release;
		};
		E26D467B1B56660F0040B678 /* Debug */ = {
			isa = XCBuildConfiguration;
			buildSettings = {
				ASSETCATALOG_COMPILER_APPICON_NAME = AppIcon;
				CLANG_ENABLE_MODULES = YES;
				INFOPLIST_FILE = DSDanmakuPlayer/Info.plist;
				LD_RUNPATH_SEARCH_PATHS = "$(inherited) @executable_path/Frameworks";
				PRODUCT_NAME = "$(TARGET_NAME)";
				SWIFT_OPTIMIZATION_LEVEL = "-Onone";
			};
			name = Debug;
		};
		E26D467C1B56660F0040B678 /* Release */ = {
			isa = XCBuildConfiguration;
			buildSettings = {
				ASSETCATALOG_COMPILER_APPICON_NAME = AppIcon;
				CLANG_ENABLE_MODULES = YES;
				INFOPLIST_FILE = DSDanmakuPlayer/Info.plist;
				LD_RUNPATH_SEARCH_PATHS = "$(inherited) @executable_path/Frameworks";
				PRODUCT_NAME = "$(TARGET_NAME)";
			};
			name = Release;
		};
		E26D467E1B56660F0040B678 /* Debug */ = {
			isa = XCBuildConfiguration;
			buildSettings = {
				BUNDLE_LOADER = "$(TEST_HOST)";
				FRAMEWORK_SEARCH_PATHS = (
					"$(SDKROOT)/Developer/Library/Frameworks",
					"$(inherited)",
				);
				GCC_PREPROCESSOR_DEFINITIONS = (
					"DEBUG=1",
					"$(inherited)",
				);
				INFOPLIST_FILE = DSDanmakuPlayerTests/Info.plist;
				LD_RUNPATH_SEARCH_PATHS = "$(inherited) @executable_path/Frameworks @loader_path/Frameworks";
				PRODUCT_NAME = "$(TARGET_NAME)";
				TEST_HOST = "$(BUILT_PRODUCTS_DIR)/DSDanmakuPlayer.app/DSDanmakuPlayer";
			};
			name = Debug;
		};
		E26D467F1B56660F0040B678 /* Release */ = {
			isa = XCBuildConfiguration;
			buildSettings = {
				BUNDLE_LOADER = "$(TEST_HOST)";
				FRAMEWORK_SEARCH_PATHS = (
					"$(SDKROOT)/Developer/Library/Frameworks",
					"$(inherited)",
				);
				INFOPLIST_FILE = DSDanmakuPlayerTests/Info.plist;
				LD_RUNPATH_SEARCH_PATHS = "$(inherited) @executable_path/Frameworks @loader_path/Frameworks";
				PRODUCT_NAME = "$(TARGET_NAME)";
				TEST_HOST = "$(BUILT_PRODUCTS_DIR)/DSDanmakuPlayer.app/DSDanmakuPlayer";
			};
			name = Release;
		};
/* End XCBuildConfiguration section */

/* Begin XCConfigurationList section */
		E26D46561B56660F0040B678 /* Build configuration list for PBXProject "DSDanmakuPlayer" */ = {
			isa = XCConfigurationList;
			buildConfigurations = (
				E26D46781B56660F0040B678 /* Debug */,
				E26D46791B56660F0040B678 /* Release */,
			);
			defaultConfigurationIsVisible = 0;
			defaultConfigurationName = Release;
		};
		E26D467A1B56660F0040B678 /* Build configuration list for PBXNativeTarget "DSDanmakuPlayer" */ = {
			isa = XCConfigurationList;
			buildConfigurations = (
				E26D467B1B56660F0040B678 /* Debug */,
				E26D467C1B56660F0040B678 /* Release */,
			);
			defaultConfigurationIsVisible = 0;
			defaultConfigurationName = Release;
		};
		E26D467D1B56660F0040B678 /* Build configuration list for PBXNativeTarget "DSDanmakuPlayerTests" */ = {
			isa = XCConfigurationList;
			buildConfigurations = (
				E26D467E1B56660F0040B678 /* Debug */,
				E26D467F1B56660F0040B678 /* Release */,
			);
			defaultConfigurationIsVisible = 0;
			defaultConfigurationName = Release;
		};
/* End XCConfigurationList section */
	};
	rootObject = E26D46531B56660F0040B678 /* Project object */;
}
